
Microsoft Visual Studio Solution File, Format Version 12.00
# Visual Studio Version 18
VisualStudioVersion = 18.2.11408.102 d18.0
MinimumVisualStudioVersion = 10.0.40219.1
Project("{FAE04EC0-301F-11D3-BF4B-00C04F79EFBC}") = "asset-marketplace", "asset-marketplace.csproj", "{F2FF065A-DFE9-47EF-2381-A85C29D47C28}"
EndProject
Global
	GlobalSection(SolutionConfigurationPlatforms) = preSolution
		Debug|Any CPU = Debug|Any CPU
		Release|Any CPU = Release|Any CPU
	EndGlobalSection
	GlobalSection(ProjectConfigurationPlatforms) = postSolution
		{F2FF065A-DFE9-47EF-2381-A85C29D47C28}.Debug|Any CPU.ActiveCfg = Debug|Any CPU
		{F2FF065A-DFE9-47EF-2381-A85C29D47C28}.Debug|Any CPU.Build.0 = Debug|Any CPU
		{F2FF065A-DFE9-47EF-2381-A85C29D47C28}.Release|Any CPU.ActiveCfg = Release|Any CPU
		{F2FF065A-DFE9-47EF-2381-A85C29D47C28}.Release|Any CPU.Build.0 = Release|Any CPU
	EndGlobalSection
	GlobalSection(SolutionProperties) = preSolution
		HideSolutionNode = FALSE
	EndGlobalSection
	GlobalSection(ExtensibilityGlobals) = postSolution
		SolutionGuid = {4509A6C0-D710-45A2-9F94-45AC2BDCE306}
	EndGlobalSection
EndGlobal
